version = 1
revision = 3
requires-python = ">=3.13"

[[package]]
name = "certifi"
version = "2025.4.26"
source = { registry = "https://pypi.org/simple" }
sdist = { url = "https://files.pythonhosted.org/packages/e8/9e/c05b3920a3b7d20d3d3310465f50348e5b3694f4f88c6daf736eef3024c4/certifi-2025.4.26.tar.gz", hash = "sha256:0a816057ea3cdefcef70270d2c515e4506bbc954f417fa5ade2021213bb8f0c6", size = 160705, upload-time = "2025-04-26T02:12:29.51Z" }
wheels = [
    { url = "https://files.pythonhosted.org/packages/4a/7e/3db2bd1b1f9e95f7cddca6d6e75e2f2bd9f51b1246e546d88addca0106bd/certifi-2025.4.26-py3-none-any.whl", hash = "sha256:30350364dfe371162649852c63336a15c70c6510c2ad5015b21c2345311805f3", size = 159618, upload-time = "2025-04-26T02:12:27.662Z" },
]

[[package]]
name = "charset-normalizer"
version = "3.4.2"
source = { registry = "https://pypi.org/simple" }
sdist = { url = "https://files.pythonhosted.org/packages/e4/33/89c2ced2b67d1c2a61c19c6751aa8902d46ce3dacb23600a283619f5a12d/charset_normalizer-3.4.2.tar.gz", hash = "sha256:5baececa9ecba31eff645232d59845c07aa030f0c81ee70184a90d35099a0e63", size = 126367, upload-time = "2025-05-02T08:34:42.01Z" }
wheels = [
    { url = "https://files.pythonhosted.org/packages/ea/12/a93df3366ed32db1d907d7593a94f1fe6293903e3e92967bebd6950ed12c/charset_normalizer-3.4.2-cp313-cp313-macosx_10_13_universal2.whl", hash = "sha256:926ca93accd5d36ccdabd803392ddc3e03e6d4cd1cf17deff3b989ab8e9dbcf0", size = 199622, upload-time = "2025-05-02T08:32:56.363Z" },
    { url = "https://files.pythonhosted.org/packages/04/93/bf204e6f344c39d9937d3c13c8cd5bbfc266472e51fc8c07cb7f64fcd2de/charset_normalizer-3.4.2-cp313-cp313-manylinux_2_17_aarch64.manylinux2014_aarch64.whl", hash = "sha256:eba9904b0f38a143592d9fc0e19e2df0fa2e41c3c3745554761c5f6447eedabf", size = 143435, upload-time = "2025-05-02T08:32:58.551Z" },
    { url = "https://files.pythonhosted.org/packages/22/2a/ea8a2095b0bafa6c5b5a55ffdc2f924455233ee7b91c69b7edfcc9e02284/charset_normalizer-3.4.2-cp313-cp313-manylinux_2_17_ppc64le.manylinux2014_ppc64le.whl", hash = "sha256:3fddb7e2c84ac87ac3a947cb4e66d143ca5863ef48e4a5ecb83bd48619e4634e", size = 153653, upload-time = "2025-05-02T08:33:00.342Z" },
    { url = "https://files.pythonhosted.org/packages/b6/57/1b090ff183d13cef485dfbe272e2fe57622a76694061353c59da52c9a659/charset_normalizer-3.4.2-cp313-cp313-manylinux_2_17_s390x.manylinux2014_s390x.whl", hash = "sha256:98f862da73774290f251b9df8d11161b6cf25b599a66baf087c1ffe340e9bfd1", size = 146231, upload-time = "2025-05-02T08:33:02.081Z" },
    { url = "https://files.pythonhosted.org/packages/e2/28/ffc026b26f441fc67bd21ab7f03b313ab3fe46714a14b516f931abe1a2d8/charset_normalizer-3.4.2-cp313-cp313-manylinux_2_17_x86_64.manylinux2014_x86_64.whl", hash = "sha256:6c9379d65defcab82d07b2a9dfbfc2e95bc8fe0ebb1b176a3190230a3ef0e07c", size = 148243, upload-time = "2025-05-02T08:33:04.063Z" },
    { url = "https://files.pythonhosted.org/packages/c0/0f/9abe9bd191629c33e69e47c6ef45ef99773320e9ad8e9cb08b8ab4a8d4cb/charset_normalizer-3.4.2-cp313-cp313-manylinux_2_5_i686.manylinux1_i686.manylinux_2_17_i686.manylinux2014_i686.whl", hash = "sha256:e635b87f01ebc977342e2697d05b56632f5f879a4f15955dfe8cef2448b51691", size = 150442, upload-time = "2025-05-02T08:33:06.418Z" },
    { url = "https://files.pythonhosted.org/packages/67/7c/a123bbcedca91d5916c056407f89a7f5e8fdfce12ba825d7d6b9954a1a3c/charset_normalizer-3.4.2-cp313-cp313-musllinux_1_2_aarch64.whl", hash = "sha256:1c95a1e2902a8b722868587c0e1184ad5c55631de5afc0eb96bc4b0d738092c0", size = 145147, upload-time = "2025-05-02T08:33:08.183Z" },
    { url = "https://files.pythonhosted.org/packages/ec/fe/1ac556fa4899d967b83e9893788e86b6af4d83e4726511eaaad035e36595/charset_normalizer-3.4.2-cp313-cp313-musllinux_1_2_i686.whl", hash = "sha256:ef8de666d6179b009dce7bcb2ad4c4a779f113f12caf8dc77f0162c29d20490b", size = 153057, upload-time = "2025-05-02T08:33:09.986Z" },
    { url = "https://files.pythonhosted.org/packages/2b/ff/acfc0b0a70b19e3e54febdd5301a98b72fa07635e56f24f60502e954c461/charset_normalizer-3.4.2-cp313-cp313-musllinux_1_2_ppc64le.whl", hash = "sha256:32fc0341d72e0f73f80acb0a2c94216bd704f4f0bce10aedea38f30502b271ff", size = 156454, upload-time = "2025-05-02T08:33:11.814Z" },
    { url = "https://files.pythonhosted.org/packages/92/08/95b458ce9c740d0645feb0e96cea1f5ec946ea9c580a94adfe0b617f3573/charset_normalizer-3.4.2-cp313-cp313-musllinux_1_2_s390x.whl", hash = "sha256:289200a18fa698949d2b39c671c2cc7a24d44096784e76614899a7ccf2574b7b", size = 154174, upload-time = "2025-05-02T08:33:13.707Z" },
    { url = "https://files.pythonhosted.org/packages/78/be/8392efc43487ac051eee6c36d5fbd63032d78f7728cb37aebcc98191f1ff/charset_normalizer-3.4.2-cp313-cp313-musllinux_1_2_x86_64.whl", hash = "sha256:4a476b06fbcf359ad25d34a057b7219281286ae2477cc5ff5e3f70a246971148", size = 149166, upload-time = "2025-05-02T08:33:15.458Z" },
    { url = "https://files.pythonhosted.org/packages/44/96/392abd49b094d30b91d9fbda6a69519e95802250b777841cf3bda8fe136c/charset_normalizer-3.4.2-cp313-cp313-win32.whl", hash = "sha256:aaeeb6a479c7667fbe1099af9617c83aaca22182d6cf8c53966491a0f1b7ffb7", size = 98064, upload-time = "2025-05-02T08:33:17.06Z" },
    { url = "https://files.pythonhosted.org/packages/e9/b0/0200da600134e001d91851ddc797809e2fe0ea72de90e09bec5a2fbdaccb/charset_normalizer-3.4.2-cp313-cp313-win_amd64.whl", hash = "sha256:aa6af9e7d59f9c12b33ae4e9450619cf2488e2bbe9b44030905877f0b2324980", size = 105641, upload-time = "2025-05-02T08:33:18.753Z" },
    { url = "https://files.pythonhosted.org/packages/20/94/c5790835a017658cbfabd07f3bfb549140c3ac458cfc196323996b10095a/charset_normalizer-3.4.2-py3-none-any.whl", hash = "sha256:7f56930ab0abd1c45cd15be65cc741c28b1c9a34876ce8c17a2fa107810c0af0", size = 52626, upload-time = "2025-05-02T08:34:40.053Z" },
]

[[package]]
name = "idna"
version = "3.10"
source = { registry = "https://pypi.org/simple" }
sdist = { url = "https://files.pythonhosted.org/packages/f1/70/7703c29685631f5a7590aa73f1f1d3fa9a380e654b86af429e0934a32f7d/idna-3.10.tar.gz", hash = "sha256:12f65c9b470abda6dc35cf8e63cc574b1c52b11df2c86030af0ac09b01b13ea9", size = 190490, upload-time = "2024-09-15T18:07:39.745Z" }
wheels = [
    { url = "https://files.pythonhosted.org/packages/76/c6/c88e154df9c4e1a2a66ccf0005a88dfb2650c1dffb6f5ce603dfbd452ce3/idna-3.10-py3-none-any.whl", hash = "sha256:946d195a0d259cbba61165e88e65941f16e9b36ea6ddb97f00452bae8b1287d3", size = 70442, upload-time = "2024-09-15T18:07:37.964Z" },
]

[[package]]
name = "json5"
version = "0.12.1"
source = { registry = "https://pypi.org/simple" }
sdist = { url = "https://files.pythonhosted.org/packages/12/ae/929aee9619e9eba9015207a9d2c1c54db18311da7eb4dcf6d41ad6f0eb67/json5-0.12.1.tar.gz", hash = "sha256:b2743e77b3242f8d03c143dd975a6ec7c52e2f2afe76ed934e53503dd4ad4990", size = 52191, upload-time = "2025-08-12T19:47:42.583Z" }
wheels = [
    { url = "https://files.pythonhosted.org/packages/85/e2/05328bd2621be49a6fed9e3030b1e51a2d04537d3f816d211b9cc53c5262/json5-0.12.1-py3-none-any.whl", hash = "sha256:d9c9b3bc34a5f54d43c35e11ef7cb87d8bdd098c6ace87117a7b7e83e705c1d5", size = 36119, upload-time = "2025-08-12T19:47:41.131Z" },
]

[[package]]
name = "packaging"
version = "25.0"
source = { registry = "https://pypi.org/simple" }
sdist = { url = "https://files.pythonhosted.org/packages/a1/d4/1fc4078c65507b51b96ca8f8c3ba19e6a61c8253c72794544580a7b6c24d/packaging-25.0.tar.gz", hash = "sha256:d443872c98d677bf60f6a1f2f8c1cb748e8fe762d2bf9d3148b5599295b0fc4f", size = 165727, upload-time = "2025-04-19T11:48:59.673Z" }
wheels = [
    { url = "https://files.pythonhosted.org/packages/20/12/38679034af332785aac8774540895e234f4d07f7545804097de4b666afd8/packaging-25.0-py3-none-any.whl", hash = "sha256:29572ef2b1f17581046b3a2227d5c611fb25ec70ca1ba8554b24b0e69331a484", size = 66469, upload-time = "2025-04-19T11:48:57.875Z" },
]

[[package]]
name = "python-dotenv"
version = "1.1.1"
source = { registry = "https://pypi.org/simple" }
sdist = { url = "https://files.pythonhosted.org/packages/f6/b0/4bc07ccd3572a2f9df7e6782f52b0c6c90dcbb803ac4a167702d7d0dfe1e/python_dotenv-1.1.1.tar.gz", hash = "sha256:a8a6399716257f45be6a007360200409fce5cda2661e3dec71d23dc15f6189ab", size = 41978, upload-time = "2025-06-24T04:21:07.341Z" }
wheels = [
    { url = "https://files.pythonhosted.org/packages/5f/ed/539768cf28c661b5b068d66d96a2f155c4971a5d55684a514c1a0e0dec2f/python_dotenv-1.1.1-py3-none-any.whl", hash = "sha256:31f23644fe2602f88ff55e1f5c79ba497e01224ee7737937930c448e4d0e24dc", size = 20556, upload-time = "2025-06-24T04:21:06.073Z" },
]

[[package]]
name = "qbittorrent-api"
version = "2025.7.0"
source = { registry = "https://pypi.org/simple" }
dependencies = [
    { name = "packaging" },
    { name = "requests" },
    { name = "urllib3" },
]
sdist = { url = "https://files.pythonhosted.org/packages/7b/a2/e6e303b70f2db5a2cc2997a611b424b24a7715e1ef360b0fdaf8007ef8ab/qbittorrent_api-2025.7.0.tar.gz", hash = "sha256:f462f2817559ccaa4c6cdc12694a3153efacd50fa3285a425401ab30abc0de76", size = 1321951, upload-time = "2025-07-12T18:45:33.754Z" }
wheels = [
    { url = "https://files.pythonhosted.org/packages/e2/34/f9cb6f8ce8dbcd15d839d81f55846d33cee312f2f153d30dfbc7118380b4/qbittorrent_api-2025.7.0-py3-none-any.whl", hash = "sha256:6cd79af4757ec71a64e5216cbaa50bf2c436efea0d32b9a79585e0ec21e85ea9", size = 66041, upload-time = "2025-07-12T18:45:31.636Z" },
]

[[package]]
name = "qbittorrent-jobs"
version = "0.1.0"
source = { virtual = "." }
dependencies = [
    { name = "json5" },
    { name = "python-dotenv" },
    { name = "qbittorrent-api" },
]

[package.dev-dependencies]
dev = [
    { name = "ruff" },
]

[package.metadata]
requires-dist = [
    { name = "json5", specifier = ">=0.10.0" },
    { name = "python-dotenv", specifier = ">=1.0.1" },
    { name = "qbittorrent-api", specifier = ">=2025.2.0" },
]

[package.metadata.requires-dev]
dev = [{ name = "ruff", specifier = ">=0.9.6" }]

[[package]]
name = "requests"
version = "2.32.3"
source = { registry = "https://pypi.org/simple" }
dependencies = [
    { name = "certifi" },
    { name = "charset-normalizer" },
    { name = "idna" },
    { name = "urllib3" },
]
sdist = { url = "https://files.pythonhosted.org/packages/63/70/2bf7780ad2d390a8d301ad0b550f1581eadbd9a20f896afe06353c2a2913/requests-2.32.3.tar.gz", hash = "sha256:55365417734eb18255590a9ff9eb97e9e1da868d4ccd6402399eaf68af20a760", size = 131218, upload-time = "2024-05-29T15:37:49.536Z" }
wheels = [
    { url = "https://files.pythonhosted.org/packages/f9/9b/335f9764261e915ed497fcdeb11df5dfd6f7bf257d4a6a2a686d80da4d54/requests-2.32.3-py3-none-any.whl", hash = "sha256:70761cfe03c773ceb22aa2f671b4757976145175cdfca038c02654d061d6dcc6", size = 64928, upload-time = "2024-05-29T15:37:47.027Z" },
]

[[package]]
name = "ruff"
version = "0.12.10"
source = { registry = "https://pypi.org/simple" }
sdist = { url = "https://files.pythonhosted.org/packages/3b/eb/8c073deb376e46ae767f4961390d17545e8535921d2f65101720ed8bd434/ruff-0.12.10.tar.gz", hash = "sha256:189ab65149d11ea69a2d775343adf5f49bb2426fc4780f65ee33b423ad2e47f9", size = 5310076, upload-time = "2025-08-21T18:23:22.595Z" }
wheels = [
    { url = "https://files.pythonhosted.org/packages/24/e7/560d049d15585d6c201f9eeacd2fd130def3741323e5ccf123786e0e3c95/ruff-0.12.10-py3-none-linux_armv6l.whl", hash = "sha256:8b593cb0fb55cc8692dac7b06deb29afda78c721c7ccfed22db941201b7b8f7b", size = 11935161, upload-time = "2025-08-21T18:22:26.965Z" },
    { url = "https://files.pythonhosted.org/packages/d1/b0/ad2464922a1113c365d12b8f80ed70fcfb39764288ac77c995156080488d/ruff-0.12.10-py3-none-macosx_10_12_x86_64.whl", hash = "sha256:ebb7333a45d56efc7c110a46a69a1b32365d5c5161e7244aaf3aa20ce62399c1", size = 12660884, upload-time = "2025-08-21T18:22:30.925Z" },
    { url = "https://files.pythonhosted.org/packages/d7/f1/97f509b4108d7bae16c48389f54f005b62ce86712120fd8b2d8e88a7cb49/ruff-0.12.10-py3-none-macosx_11_0_arm64.whl", hash = "sha256:d59e58586829f8e4a9920788f6efba97a13d1fa320b047814e8afede381c6839", size = 11872754, upload-time = "2025-08-21T18:22:34.035Z" },
    { url = "https://files.pythonhosted.org/packages/12/ad/44f606d243f744a75adc432275217296095101f83f966842063d78eee2d3/ruff-0.12.10-py3-none-manylinux_2_17_aarch64.manylinux2014_aarch64.whl", hash = "sha256:822d9677b560f1fdeab69b89d1f444bf5459da4aa04e06e766cf0121771ab844", size = 12092276, upload-time = "2025-08-21T18:22:36.764Z" },
    { url = "https://files.pythonhosted.org/packages/06/1f/ed6c265e199568010197909b25c896d66e4ef2c5e1c3808caf461f6f3579/ruff-0.12.10-py3-none-manylinux_2_17_armv7l.manylinux2014_armv7l.whl", hash = "sha256:37b4a64f4062a50c75019c61c7017ff598cb444984b638511f48539d3a1c98db", size = 11734700, upload-time = "2025-08-21T18:22:39.822Z" },
    { url = "https://files.pythonhosted.org/packages/63/c5/b21cde720f54a1d1db71538c0bc9b73dee4b563a7dd7d2e404914904d7f5/ruff-0.12.10-py3-none-manylinux_2_17_i686.manylinux2014_i686.whl", hash = "sha256:2c6f4064c69d2542029b2a61d39920c85240c39837599d7f2e32e80d36401d6e", size = 13468783, upload-time = "2025-08-21T18:22:42.559Z" },
    { url = "https://files.pythonhosted.org/packages/02/9e/39369e6ac7f2a1848f22fb0b00b690492f20811a1ac5c1fd1d2798329263/ruff-0.12.10-py3-none-manylinux_2_17_ppc64.manylinux2014_ppc64.whl", hash = "sha256:059e863ea3a9ade41407ad71c1de2badfbe01539117f38f763ba42a1206f7559", size = 14436642, upload-time = "2025-08-21T18:22:45.612Z" },
    { url = "https://files.pythonhosted.org/packages/e3/03/5da8cad4b0d5242a936eb203b58318016db44f5c5d351b07e3f5e211bb89/ruff-0.12.10-py3-none-manylinux_2_17_ppc64le.manylinux2014_ppc64le.whl", hash = "sha256:1bef6161e297c68908b7218fa6e0e93e99a286e5ed9653d4be71e687dff101cf", size = 13859107, upload-time = "2025-08-21T18:22:48.886Z" },
    { url = "https://files.pythonhosted.org/packages/19/19/dd7273b69bf7f93a070c9cec9494a94048325ad18fdcf50114f07e6bf417/ruff-0.12.10-py3-none-manylinux_2_17_s390x.manylinux2014_s390x.whl", hash = "sha256:4f1345fbf8fb0531cd722285b5f15af49b2932742fc96b633e883da8d841896b", size = 12886521, upload-time = "2025-08-21T18:22:51.567Z" },
    { url = "https://files.pythonhosted.org/packages/c0/1d/b4207ec35e7babaee62c462769e77457e26eb853fbdc877af29417033333/ruff-0.12.10-py3-none-manylinux_2_17_x86_64.manylinux2014_x86_64.whl", hash = "sha256:1f68433c4fbc63efbfa3ba5db31727db229fa4e61000f452c540474b03de52a9", size = 13097528, upload-time = "2025-08-21T18:22:54.609Z" },
    { url = "https://files.pythonhosted.org/packages/ff/00/58f7b873b21114456e880b75176af3490d7a2836033779ca42f50de3b47a/ruff-0.12.10-py3-none-manylinux_2_31_riscv64.whl", hash = "sha256:141ce3d88803c625257b8a6debf4a0473eb6eed9643a6189b68838b43e78165a", size = 13080443, upload-time = "2025-08-21T18:22:57.413Z" },
    { url = "https://files.pythonhosted.org/packages/12/8c/9e6660007fb10189ccb78a02b41691288038e51e4788bf49b0a60f740604/ruff-0.12.10-py3-none-musllinux_1_2_aarch64.whl", hash = "sha256:f3fc21178cd44c98142ae7590f42ddcb587b8e09a3b849cbc84edb62ee95de60", size = 11896759, upload-time = "2025-08-21T18:23:00.473Z" },
    { url = "https://files.pythonhosted.org/packages/67/4c/6d092bb99ea9ea6ebda817a0e7ad886f42a58b4501a7e27cd97371d0ba54/ruff-0.12.10-py3-none-musllinux_1_2_armv7l.whl", hash = "sha256:7d1a4e0bdfafcd2e3e235ecf50bf0176f74dd37902f241588ae1f6c827a36c56", size = 11701463, upload-time = "2025-08-21T18:23:03.211Z" },
    { url = "https://files.pythonhosted.org/packages/59/80/d982c55e91df981f3ab62559371380616c57ffd0172d96850280c2b04fa8/ruff-0.12.10-py3-none-musllinux_1_2_i686.whl", hash = "sha256:e67d96827854f50b9e3e8327b031647e7bcc090dbe7bb11101a81a3a2cbf1cc9", size = 12691603, upload-time = "2025-08-21T18:23:06.935Z" },
    { url = "https://files.pythonhosted.org/packages/ad/37/63a9c788bbe0b0850611669ec6b8589838faf2f4f959647f2d3e320383ae/ruff-0.12.10-py3-none-musllinux_1_2_x86_64.whl", hash = "sha256:ae479e1a18b439c59138f066ae79cc0f3ee250712a873d00dbafadaad9481e5b", size = 13164356, upload-time = "2025-08-21T18:23:10.225Z" },
    { url = "https://files.pythonhosted.org/packages/47/d4/1aaa7fb201a74181989970ebccd12f88c0fc074777027e2a21de5a90657e/ruff-0.12.10-py3-none-win32.whl", hash = "sha256:9de785e95dc2f09846c5e6e1d3a3d32ecd0b283a979898ad427a9be7be22b266", size = 11896089, upload-time = "2025-08-21T18:23:14.232Z" },
    { url = "https://files.pythonhosted.org/packages/ad/14/2ad38fd4037daab9e023456a4a40ed0154e9971f8d6aed41bdea390aabd9/ruff-0.12.10-py3-none-win_amd64.whl", hash = "sha256:7837eca8787f076f67aba2ca559cefd9c5cbc3a9852fd66186f4201b87c1563e", size = 13004616, upload-time = "2025-08-21T18:23:17.422Z" },
    { url = "https://files.pythonhosted.org/packages/24/3c/21cf283d67af33a8e6ed242396863af195a8a6134ec581524fd22b9811b6/ruff-0.12.10-py3-none-win_arm64.whl", hash = "sha256:cc138cc06ed9d4bfa9d667a65af7172b47840e1a98b02ce7011c391e54635ffc", size = 12074225, upload-time = "2025-08-21T18:23:20.137Z" },
]

[[package]]
name = "urllib3"
version = "2.4.0"
source = { registry = "https://pypi.org/simple" }
sdist = { url = "https://files.pythonhosted.org/packages/8a/78/16493d9c386d8e60e442a35feac5e00f0913c0f4b7c217c11e8ec2ff53e0/urllib3-2.4.0.tar.gz", hash = "sha256:414bc6535b787febd7567804cc015fee39daab8ad86268f1310a9250697de466", size = 390672, upload-time = "2025-04-10T15:23:39.232Z" }
wheels = [
    { url = "https://files.pythonhosted.org/packages/6b/11/cc635220681e93a0183390e26485430ca2c7b5f9d33b15c74c2861cb8091/urllib3-2.4.0-py3-none-any.whl", hash = "sha256:4e16665048960a0900c702d4a66415956a584919c03361cac9f1df5c5dd7e813", size = 128680, upload-time = "2025-04-10T15:23:37.377Z" },
]
